
Microsoft Visual Studio Solution File, Format Version 12.00
# Visual Studio Version 17
VisualStudioVersion = 17.3.32819.101
MinimumVisualStudioVersion = 10.0.40219.1
Project("{FAE04EC0-301F-11D3-BF4B-00C04F79EFBC}") = "BaseDeDatosSqlLite", "BaseDeDatosSqlLite\BaseDeDatosSqlLite.csproj", "{CFB088C7-FA2D-4B74-A686-2BECB457D717}"
EndProject
Global
	GlobalSection(SolutionConfigurationPlatforms) = preSolution
		Debug|Any CPU = Debug|Any CPU
		Release|Any CPU = Release|Any CPU
	EndGlobalSection
	GlobalSection(ProjectConfigurationPlatforms) = postSolution
		{CFB088C7-FA2D-4B74-A686-2BECB457D717}.Debug|Any CPU.ActiveCfg = Debug|Any CPU
		{CFB088C7-FA2D-4B74-A686-2BECB457D717}.Debug|Any CPU.Build.0 = Debug|Any CPU
		{CFB088C7-FA2D-4B74-A686-2BECB457D717}.Release|Any CPU.ActiveCfg = Release|Any CPU
		{CFB088C7-FA2D-4B74-A686-2BECB457D717}.Release|Any CPU.Build.0 = Release|Any CPU
	EndGlobalSection
	GlobalSection(SolutionProperties) = preSolution
		HideSolutionNode = FALSE
	EndGlobalSection
	GlobalSection(ExtensibilityGlobals) = postSolution
		SolutionGuid = {6DABB7F8-2027-4F26-A575-243FCA07A568}
	EndGlobalSection
EndGlobal
